
Microsoft Visual Studio Solution File, Format Version 12.00
# Visual Studio Version 17
VisualStudioVersion = 17.0.31903.59
MinimumVisualStudioVersion = 10.0.40219.1
Project("{2150E333-8FDC-42A3-9474-1A3956D46DE8}") = "src", "src", "{CC53EF75-4909-4DE5-A5E1-0816EC0082A3}"
EndProject
Project("{FAE04EC0-301F-11D3-BF4B-00C04F79EFBC}") = "LabelScope.Core", "src\LabelScope.Core\LabelScope.Core.csproj", "{46E7CE1C-C97B-4380-848F-6F0626AF7D65}"
EndProject
Project("{FAE04EC0-301F-11D3-BF4B-00C04F79EFBC}") = "LabelScope.App", "src\LabelScope.App\LabelScope.App.csproj", "{EADB3B0E-070B-4120-B177-A011EB74B498}"
EndProject
Global
	GlobalSection(SolutionConfigurationPlatforms) = preSolution
		Debug|Any CPU = Debug|Any CPU
		Release|Any CPU = Release|Any CPU
	EndGlobalSection
	GlobalSection(ProjectConfigurationPlatforms) = postSolution
		{46E7CE1C-C97B-4380-848F-6F0626AF7D65}.Debug|Any CPU.ActiveCfg = Debug|Any CPU
		{46E7CE1C-C97B-4380-848F-6F0626AF7D65}.Debug|Any CPU.Build.0 = Debug|Any CPU
		{46E7CE1C-C97B-4380-848F-6F0626AF7D65}.Release|Any CPU.ActiveCfg = Release|Any CPU
		{46E7CE1C-C97B-4380-848F-6F0626AF7D65}.Release|Any CPU.Build.0 = Release|Any CPU
		{EADB3B0E-070B-4120-B177-A011EB74B498}.Debug|Any CPU.ActiveCfg = Debug|Any CPU
		{EADB3B0E-070B-4120-B177-A011EB74B498}.Debug|Any CPU.Build.0 = Debug|Any CPU
		{EADB3B0E-070B-4120-B177-A011EB74B498}.Release|Any CPU.ActiveCfg = Release|Any CPU
		{EADB3B0E-070B-4120-B177-A011EB74B498}.Release|Any CPU.Build.0 = Release|Any CPU
	EndGlobalSection
	GlobalSection(SolutionProperties) = preSolution
		HideSolutionNode = FALSE
	EndGlobalSection
	GlobalSection(NestedProjects) = preSolution
		{46E7CE1C-C97B-4380-848F-6F0626AF7D65} = {CC53EF75-4909-4DE5-A5E1-0816EC0082A3}
		{EADB3B0E-070B-4120-B177-A011EB74B498} = {CC53EF75-4909-4DE5-A5E1-0816EC0082A3}
	EndGlobalSection
EndGlobal
